hash: 07e57e03387bb925a31326c0ca10e874d3b29a3fea66d76531338b31f274dc96
updated: 2016-12-08T13:34:58.070625899+05:30
imports:
- name: github.com/andybalholm/cascadia
  version: 65919c611220063037b1db8eb334acaf17a6d8ea
- name: github.com/codegangsta/negroni
  version: fde5e16d32adc7ad637e9cd9ad21d4ebc6192535
- name: github.com/dahernan/gopherscraper
  version: 730425d6cf63a64d706006d1471490673cfc11ea
  subpackages:
  - elasticsearch
  - jsonrequest
  - model
  - redis
  - routes
  - scraper
- name: github.com/fsnotify/fsnotify
  version: fd9ec7deca8bf46ecd2a795baaacf2b3a9be1197
- name: github.com/hashicorp/hcl
  version: 37ab263305aaeb501a60eb16863e808d426e37f2
  subpackages:
  - hcl/ast
  - hcl/parser
  - hcl/scanner
  - hcl/strconv
  - hcl/token
  - json/parser
  - json/scanner
  - json/token
- name: github.com/julienschmidt/httprouter
  version: 8c199fb6259ffc1af525cc3ad52ee60ba8359669
- name: github.com/magiconair/properties
  version: 9c47895dc1ce54302908ab8a43385d1f5df2c11c
- name: github.com/mitchellh/mapstructure
  version: 5a0325d7fafaac12dda6e7fb8bd222ec1b69875e
- name: github.com/pelletier/go-buffruneio
  version: df1e16fde7fc330a0ca68167c23bf7ed6ac31d6d
- name: github.com/pelletier/go-toml
  version: ce7be745f09fe4ff89af8e3ea744e1deabf20ee3
- name: github.com/PuerkitoBio/goquery
  version: 56a198aba89cdf7a612e6c762eff9d788b9f2dae
- name: github.com/spf13/afero
  version: 06b7e5f50606ecd49148a01a6008942d9b669217
  subpackages:
  - mem
- name: github.com/spf13/cast
  version: 24b6558033ffe202bf42f0f3b870dcc798dd2ba8
- name: github.com/spf13/jwalterweatherman
  version: 33c24e77fb80341fe7130ee7c594256ff08ccc46
- name: github.com/spf13/pflag
  version: 5ccb023bc27df288a957c5e994cd44fd19619465
- name: github.com/spf13/viper
  version: 651d9d916abc3c3d6a91a12549495caba5edffd2
- name: github.com/therealbill/libredis
  version: 7b3ad686c9959a5ba9af21ef5f6d45a366844c3d
  subpackages:
  - client
  - info
  - structures
- name: github.com/yosssi/gohtml
  version: ccf383eafddde21dfe37c6191343813822b30e6b
- name: golang.org/x/net
  version: 944c58e9d57bcecf171fd4bea155269aa8a96805
  subpackages:
  - html
  - html/atom
- name: golang.org/x/sys
  version: 478fcf54317e52ab69f40bb4c7a1520288d7f7ea
  subpackages:
  - unix
- name: golang.org/x/text
  version: 5c6cf4f9a2357d38515014cea8c488ed22bdab90
  subpackages:
  - transform
  - unicode/norm
- name: gopkg.in/unrolled/render.v1
  version: 526faf80cd4b305bb8134abea8d20d5ced74faa6
- name: gopkg.in/yaml.v2
  version: a5b47d31c556af34a302ce5d659e6fea44d90de0
testImports:
- name: github.com/gopherjs/gopherjs
  version: e34a5cd6a1bc7c4fde759f2d3039852fc68b5fcc
  subpackages:
  - js
- name: github.com/jtolds/gls
  version: 8ddce2a84170772b95dd5d576c48d517b22cac63
- name: github.com/smartystreets/assertions
  version: e60cfa771e3f4d18723a4119f1833898c9c62066
  subpackages:
  - internal/go-render/render
  - internal/oglematchers
- name: github.com/smartystreets/goconvey
  version: d4c757aa9afd1e2fc1832aaab209b5794eb336e1
  subpackages:
  - convey
  - convey/gotest
  - convey/reporting
